
Microsoft Visual Studio Solution File, Format Version 11.00
# Visual Studio 2010
Project("{FAE04EC0-301F-11D3-BF4B-00C04F79EFBC}") = "CreateField", "CreateField.csproj", "{73E1214C-FD62-4A39-9243-B9EAB5A826BC}"
EndProject
Global
	GlobalSection(SolutionConfigurationPlatforms) = preSolution
		Debug Cliente|x86 = Debug Cliente|x86
		Debug Local|x86 = Debug Local|x86
		Debug|x86 = Debug|x86
		Release|x86 = Release|x86
	EndGlobalSection
	GlobalSection(ProjectConfigurationPlatforms) = postSolution
		{73E1214C-FD62-4A39-9243-B9EAB5A826BC}.Debug Cliente|x86.ActiveCfg = Debug Cliente|x86
		{73E1214C-FD62-4A39-9243-B9EAB5A826BC}.Debug Cliente|x86.Build.0 = Debug Cliente|x86
		{73E1214C-FD62-4A39-9243-B9EAB5A826BC}.Debug Local|x86.ActiveCfg = Debug Local|x86
		{73E1214C-FD62-4A39-9243-B9EAB5A826BC}.Debug Local|x86.Build.0 = Debug Local|x86
		{73E1214C-FD62-4A39-9243-B9EAB5A826BC}.Debug|x86.ActiveCfg = Debug|x86
		{73E1214C-FD62-4A39-9243-B9EAB5A826BC}.Debug|x86.Build.0 = Debug|x86
		{73E1214C-FD62-4A39-9243-B9EAB5A826BC}.Release|x86.ActiveCfg = Release|x86
		{73E1214C-FD62-4A39-9243-B9EAB5A826BC}.Release|x86.Build.0 = Release|x86
	EndGlobalSection
	GlobalSection(SolutionProperties) = preSolution
		HideSolutionNode = FALSE
	EndGlobalSection
EndGlobal
